
Microsoft Visual Studio Solution File, Format Version 12.00
# Visual Studio 15
VisualStudioVersion = 15.0.28010.2016
MinimumVisualStudioVersion = 10.0.40219.1
Project("{FAE04EC0-301F-11D3-BF4B-00C04F79EFBC}") = "AzureB2C.Utility", "Utility\AzureB2C.Utility\AzureB2C.Utility.csproj", "{6D040B79-1B0A-47DB-8A90-2F0159C160A9}"
EndProject
Project("{FAE04EC0-301F-11D3-BF4B-00C04F79EFBC}") = "AzureB2C.Web", "Web\AzureB2C.Web\AzureB2C.Web.csproj", "{9778B927-60AA-4FB3-BFB3-3B6C50DAC350}"
EndProject
Global
	GlobalSection(SolutionConfigurationPlatforms) = preSolution
		Debug|Any CPU = Debug|Any CPU
		Release|Any CPU = Release|Any CPU
	EndGlobalSection
	GlobalSection(ProjectConfigurationPlatforms) = postSolution
		{6D040B79-1B0A-47DB-8A90-2F0159C160A9}.Debug|Any CPU.ActiveCfg = Debug|Any CPU
		{6D040B79-1B0A-47DB-8A90-2F0159C160A9}.Debug|Any CPU.Build.0 = Debug|Any CPU
		{6D040B79-1B0A-47DB-8A90-2F0159C160A9}.Release|Any CPU.ActiveCfg = Release|Any CPU
		{6D040B79-1B0A-47DB-8A90-2F0159C160A9}.Release|Any CPU.Build.0 = Release|Any CPU
		{9778B927-60AA-4FB3-BFB3-3B6C50DAC350}.Debug|Any CPU.ActiveCfg = Debug|Any CPU
		{9778B927-60AA-4FB3-BFB3-3B6C50DAC350}.Debug|Any CPU.Build.0 = Debug|Any CPU
		{9778B927-60AA-4FB3-BFB3-3B6C50DAC350}.Release|Any CPU.ActiveCfg = Release|Any CPU
		{9778B927-60AA-4FB3-BFB3-3B6C50DAC350}.Release|Any CPU.Build.0 = Release|Any CPU
	EndGlobalSection
	GlobalSection(SolutionProperties) = preSolution
		HideSolutionNode = FALSE
	EndGlobalSection
	GlobalSection(ExtensibilityGlobals) = postSolution
		SolutionGuid = {160853FB-D009-47C6-AD29-AAADBDC3C0B3}
	EndGlobalSection
EndGlobal
